
Microsoft Visual Studio Solution File, Format Version 12.00
# Visual Studio Version 16
VisualStudioVersion = 16.0.30804.86
MinimumVisualStudioVersion = 10.0.40219.1
Project("{FAE04EC0-301F-11D3-BF4B-00C04F79EFBC}") = "FarkCliente", "FarkCliente\FarkCliente.csproj", "{03BA1DD6-40D2-4193-9D4C-CC38E1683630}"
EndProject
Project("{FAE04EC0-301F-11D3-BF4B-00C04F79EFBC}") = "FarkServerConsole", "FarkServerConsole\FarkServerConsole.csproj", "{BCAD7394-A8B6-4F42-B837-7F44A3FC9CDF}"
EndProject
Project("{FAE04EC0-301F-11D3-BF4B-00C04F79EFBC}") = "FarkServerWorker", "FarkServerWorker\FarkServerWorker.csproj", "{A3CE53C3-F086-4ADA-B9D0-11E23F7C18B2}"
EndProject
Global
	GlobalSection(SolutionConfigurationPlatforms) = preSolution
		Debug|Any CPU = Debug|Any CPU
		Release|Any CPU = Release|Any CPU
	EndGlobalSection
	GlobalSection(ProjectConfigurationPlatforms) = postSolution
		{03BA1DD6-40D2-4193-9D4C-CC38E1683630}.Debug|Any CPU.ActiveCfg = Debug|Any CPU
		{03BA1DD6-40D2-4193-9D4C-CC38E1683630}.Debug|Any CPU.Build.0 = Debug|Any CPU
		{03BA1DD6-40D2-4193-9D4C-CC38E1683630}.Release|Any CPU.ActiveCfg = Release|Any CPU
		{03BA1DD6-40D2-4193-9D4C-CC38E1683630}.Release|Any CPU.Build.0 = Release|Any CPU
		{BCAD7394-A8B6-4F42-B837-7F44A3FC9CDF}.Debug|Any CPU.ActiveCfg = Debug|Any CPU
		{BCAD7394-A8B6-4F42-B837-7F44A3FC9CDF}.Debug|Any CPU.Build.0 = Debug|Any CPU
		{BCAD7394-A8B6-4F42-B837-7F44A3FC9CDF}.Release|Any CPU.ActiveCfg = Release|Any CPU
		{BCAD7394-A8B6-4F42-B837-7F44A3FC9CDF}.Release|Any CPU.Build.0 = Release|Any CPU
		{A3CE53C3-F086-4ADA-B9D0-11E23F7C18B2}.Debug|Any CPU.ActiveCfg = Debug|Any CPU
		{A3CE53C3-F086-4ADA-B9D0-11E23F7C18B2}.Debug|Any CPU.Build.0 = Debug|Any CPU
		{A3CE53C3-F086-4ADA-B9D0-11E23F7C18B2}.Release|Any CPU.ActiveCfg = Release|Any CPU
		{A3CE53C3-F086-4ADA-B9D0-11E23F7C18B2}.Release|Any CPU.Build.0 = Release|Any CPU
	EndGlobalSection
	GlobalSection(SolutionProperties) = preSolution
		HideSolutionNode = FALSE
	EndGlobalSection
	GlobalSection(ExtensibilityGlobals) = postSolution
		SolutionGuid = {9E517B9A-1AD5-4CEE-8E65-67AB0D94D3AD}
	EndGlobalSection
EndGlobal
